
Microsoft Visual Studio Solution File, Format Version 12.00
# Visual Studio Version 17
VisualStudioVersion = 17.7.34018.315
MinimumVisualStudioVersion = 10.0.40219.1
Project("{FAE04EC0-301F-11D3-BF4B-00C04F79EFBC}") = "FileHandlingServer", "FileHandlingServer\FileHandlingServer.csproj", "{56945032-2FC8-4922-90A6-A45F75A2D17E}"
EndProject
Global
	GlobalSection(SolutionConfigurationPlatforms) = preSolution
		Debug|Any CPU = Debug|Any CPU
		Release|Any CPU = Release|Any CPU
	EndGlobalSection
	GlobalSection(ProjectConfigurationPlatforms) = postSolution
		{56945032-2FC8-4922-90A6-A45F75A2D17E}.Debug|Any CPU.ActiveCfg = Debug|Any CPU
		{56945032-2FC8-4922-90A6-A45F75A2D17E}.Debug|Any CPU.Build.0 = Debug|Any CPU
		{56945032-2FC8-4922-90A6-A45F75A2D17E}.Release|Any CPU.ActiveCfg = Release|Any CPU
		{56945032-2FC8-4922-90A6-A45F75A2D17E}.Release|Any CPU.Build.0 = Release|Any CPU
	EndGlobalSection
	GlobalSection(SolutionProperties) = preSolution
		HideSolutionNode = FALSE
	EndGlobalSection
	GlobalSection(ExtensibilityGlobals) = postSolution
		SolutionGuid = {901F9830-C4F1-45C0-BF7F-2E8D1C2F8729}
	EndGlobalSection
EndGlobal
